{
  "nodes": {
    "nixpkgs": {
      "locked": {
        "lastModified": 1762936922,
        "narHash": "sha256-nvmRagtTjmGiGoll6NC5c0E5a+DXtJO57SsTV2lQDvw=",
        "rev": "9da7f1cf7f8a6e2a7cb3001b048546c92a8258b4",
        "type": "tarball",
        "url": "https://releases.nixos.org/nixos/unstable/nixos-25.11pre892896.9da7f1cf7f8a/nixexprs.tar.xz?rev=9da7f1cf7f8a6e2a7cb3001b048546c92a8258b4"
      },
      "original": {
        "type": "tarball",
        "url": "https://channels.nixos.org/nixos-unstable/nixexprs.tar.xz"
      }
    },
    "root": {
      "inputs": {
        "nixpkgs": "nixpkgs"
      }
    }
  },
  "root": "root",
  "version": 7
}
